{
  "name": "room-homepage-master",
  "lockfileVersion": 3,
  "requires": true,
  "packages": {
    "": {
      "dependencies": {
        "@glidejs/glide": "^3.6.1",
        "@splidejs/splide": "^4.1.4",
        "swiper": "^11.1.4"
      }
    },
    "node_modules/@glidejs/glide": {
      "version": "3.6.1",
      "resolved": "https://registry.npmjs.org/@glidejs/glide/-/glide-3.6.1.tgz",
      "integrity": "sha512-5hduecGlGI/R14bxEelKS3sG+cDUwtCAlxS2U3nte0o9NdYltYlW4OWtAyMHUF6USl6n1XqCru2pQZ0s+Ytmzw==",
      "license": "MIT"
    },
    "node_modules/@splidejs/splide": {
      "version": "4.1.4",
      "resolved": "https://registry.npmjs.org/@splidejs/splide/-/splide-4.1.4.tgz",
      "integrity": "sha512-5I30evTJcAJQXt6vJ26g2xEkG+l1nXcpEw4xpKh0/FWQ8ozmAeTbtniVtVmz2sH1Es3vgfC4SS8B2X4o5JMptA==",
      "license": "MIT"
    },
    "node_modules/swiper": {
      "version": "11.1.4",
      "resolved": "https://registry.npmjs.org/swiper/-/swiper-11.1.4.tgz",
      "integrity": "sha512-1n7kbYJB2dFEpUHRFszq7gys/ofIBrMNibwTiMvPHwneKND/t9kImnHt6CfGPScMHgI+dWMbGTycCKGMoOO1KA==",
      "funding": [
        {
          "type": "patreon",
          "url": "https://www.patreon.com/swiperjs"
        },
        {
          "type": "open_collective",
          "url": "http://opencollective.com/swiper"
        }
      ],
      "license": "MIT",
      "engines": {
        "node": ">= 4.7.0"
      }
    }
  }
}
